
Microsoft Visual Studio Solution File, Format Version 12.00
# Visual Studio Version 17
VisualStudioVersion = 17.9.34622.214
MinimumVisualStudioVersion = 10.0.40219.1
Project("{FAE04EC0-301F-11D3-BF4B-00C04F79EFBC}") = "6_Strings", "6_Strings.csproj", "{308083EE-91AB-4A1D-952C-55C52A803CAF}"
EndProject
Global
	GlobalSection(SolutionConfigurationPlatforms) = preSolution
		Debug|Any CPU = Debug|Any CPU
		Release|Any CPU = Release|Any CPU
	EndGlobalSection
	GlobalSection(ProjectConfigurationPlatforms) = postSolution
		{308083EE-91AB-4A1D-952C-55C52A803CAF}.Debug|Any CPU.ActiveCfg = Debug|Any CPU
		{308083EE-91AB-4A1D-952C-55C52A803CAF}.Debug|Any CPU.Build.0 = Debug|Any CPU
		{308083EE-91AB-4A1D-952C-55C52A803CAF}.Release|Any CPU.ActiveCfg = Release|Any CPU
		{308083EE-91AB-4A1D-952C-55C52A803CAF}.Release|Any CPU.Build.0 = Release|Any CPU
	EndGlobalSection
	GlobalSection(SolutionProperties) = preSolution
		HideSolutionNode = FALSE
	EndGlobalSection
	GlobalSection(ExtensibilityGlobals) = postSolution
		SolutionGuid = {8218A0F6-9796-4846-9393-9AA9430EBF36}
	EndGlobalSection
EndGlobal
